
Microsoft Visual Studio Solution File, Format Version 12.00
# Visual Studio Version 16
VisualStudioVersion = 16.0.33529.622
MinimumVisualStudioVersion = 10.0.40219.1
Project("{FAE04EC0-301F-11D3-BF4B-00C04F79EFBC}") = "real_estate_app.Android", "real_estate_app\real_estate_app.Android\real_estate_app.Android.csproj", "{E2CE145C-4925-47BB-9763-9B2BC8AD68BC}"
EndProject
Project("{FAE04EC0-301F-11D3-BF4B-00C04F79EFBC}") = "real_estate_app.iOS", "real_estate_app\real_estate_app.iOS\real_estate_app.iOS.csproj", "{D02A0B83-7D75-4120-8C24-BCBECB570904}"
EndProject
Project("{FAE04EC0-301F-11D3-BF4B-00C04F79EFBC}") = "real_estate_app", "real_estate_app\real_estate_app\real_estate_app.csproj", "{9F2D7FB4-51BF-4447-82E3-2BD1676A57E9}"
EndProject
Global
	GlobalSection(SolutionConfigurationPlatforms) = preSolution
		Debug|Any CPU = Debug|Any CPU
		Debug|iPhone = Debug|iPhone
		Debug|iPhoneSimulator = Debug|iPhoneSimulator
		Release|Any CPU = Release|Any CPU
		Release|iPhone = Release|iPhone
		Release|iPhoneSimulator = Release|iPhoneSimulator
	EndGlobalSection
	GlobalSection(ProjectConfigurationPlatforms) = postSolution
		{E2CE145C-4925-47BB-9763-9B2BC8AD68BC}.Debug|Any CPU.ActiveCfg = Debug|Any CPU
		{E2CE145C-4925-47BB-9763-9B2BC8AD68BC}.Debug|Any CPU.Build.0 = Debug|Any CPU
		{E2CE145C-4925-47BB-9763-9B2BC8AD68BC}.Debug|Any CPU.Deploy.0 = Debug|Any CPU
		{E2CE145C-4925-47BB-9763-9B2BC8AD68BC}.Debug|iPhone.ActiveCfg = Debug|Any CPU
		{E2CE145C-4925-47BB-9763-9B2BC8AD68BC}.Debug|iPhone.Build.0 = Debug|Any CPU
		{E2CE145C-4925-47BB-9763-9B2BC8AD68BC}.Debug|iPhone.Deploy.0 = Debug|Any CPU
		{E2CE145C-4925-47BB-9763-9B2BC8AD68BC}.Debug|iPhoneSimulator.ActiveCfg = Debug|Any CPU
		{E2CE145C-4925-47BB-9763-9B2BC8AD68BC}.Debug|iPhoneSimulator.Build.0 = Debug|Any CPU
		{E2CE145C-4925-47BB-9763-9B2BC8AD68BC}.Debug|iPhoneSimulator.Deploy.0 = Debug|Any CPU
		{E2CE145C-4925-47BB-9763-9B2BC8AD68BC}.Release|Any CPU.ActiveCfg = Release|Any CPU
		{E2CE145C-4925-47BB-9763-9B2BC8AD68BC}.Release|Any CPU.Build.0 = Release|Any CPU
		{E2CE145C-4925-47BB-9763-9B2BC8AD68BC}.Release|Any CPU.Deploy.0 = Release|Any CPU
		{E2CE145C-4925-47BB-9763-9B2BC8AD68BC}.Release|iPhone.ActiveCfg = Release|Any CPU
		{E2CE145C-4925-47BB-9763-9B2BC8AD68BC}.Release|iPhone.Build.0 = Release|Any CPU
		{E2CE145C-4925-47BB-9763-9B2BC8AD68BC}.Release|iPhone.Deploy.0 = Release|Any CPU
		{E2CE145C-4925-47BB-9763-9B2BC8AD68BC}.Release|iPhoneSimulator.ActiveCfg = Release|Any CPU
		{E2CE145C-4925-47BB-9763-9B2BC8AD68BC}.Release|iPhoneSimulator.Build.0 = Release|Any CPU
		{E2CE145C-4925-47BB-9763-9B2BC8AD68BC}.Release|iPhoneSimulator.Deploy.0 = Release|Any CPU
		{D02A0B83-7D75-4120-8C24-BCBECB570904}.Debug|Any CPU.ActiveCfg = Debug|iPhone
		{D02A0B83-7D75-4120-8C24-BCBECB570904}.Debug|Any CPU.Build.0 = Debug|iPhone
		{D02A0B83-7D75-4120-8C24-BCBECB570904}.Debug|Any CPU.Deploy.0 = Debug|iPhone
		{D02A0B83-7D75-4120-8C24-BCBECB570904}.Debug|iPhone.ActiveCfg = Debug|iPhone
		{D02A0B83-7D75-4120-8C24-BCBECB570904}.Debug|iPhone.Build.0 = Debug|iPhone
		{D02A0B83-7D75-4120-8C24-BCBECB570904}.Debug|iPhone.Deploy.0 = Debug|iPhone
		{D02A0B83-7D75-4120-8C24-BCBECB570904}.Debug|iPhoneSimulator.ActiveCfg = Debug|iPhoneSimulator
		{D02A0B83-7D75-4120-8C24-BCBECB570904}.Debug|iPhoneSimulator.Build.0 = Debug|iPhoneSimulator
		{D02A0B83-7D75-4120-8C24-BCBECB570904}.Debug|iPhoneSimulator.Deploy.0 = Debug|iPhoneSimulator
		{D02A0B83-7D75-4120-8C24-BCBECB570904}.Release|Any CPU.ActiveCfg = Release|iPhoneSimulator
		{D02A0B83-7D75-4120-8C24-BCBECB570904}.Release|Any CPU.Build.0 = Release|iPhoneSimulator
		{D02A0B83-7D75-4120-8C24-BCBECB570904}.Release|Any CPU.Deploy.0 = Release|iPhoneSimulator
		{D02A0B83-7D75-4120-8C24-BCBECB570904}.Release|iPhone.ActiveCfg = Release|iPhone
		{D02A0B83-7D75-4120-8C24-BCBECB570904}.Release|iPhone.Build.0 = Release|iPhone
		{D02A0B83-7D75-4120-8C24-BCBECB570904}.Release|iPhone.Deploy.0 = Release|iPhone
		{D02A0B83-7D75-4120-8C24-BCBECB570904}.Release|iPhoneSimulator.ActiveCfg = Release|iPhoneSimulator
		{D02A0B83-7D75-4120-8C24-BCBECB570904}.Release|iPhoneSimulator.Build.0 = Release|iPhoneSimulator
		{D02A0B83-7D75-4120-8C24-BCBECB570904}.Release|iPhoneSimulator.Deploy.0 = Release|iPhoneSimulator
		{9F2D7FB4-51BF-4447-82E3-2BD1676A57E9}.Debug|Any CPU.ActiveCfg = Debug|Any CPU
		{9F2D7FB4-51BF-4447-82E3-2BD1676A57E9}.Debug|Any CPU.Build.0 = Debug|Any CPU
		{9F2D7FB4-51BF-4447-82E3-2BD1676A57E9}.Debug|Any CPU.Deploy.0 = Debug|Any CPU
		{9F2D7FB4-51BF-4447-82E3-2BD1676A57E9}.Debug|iPhone.ActiveCfg = Debug|Any CPU
		{9F2D7FB4-51BF-4447-82E3-2BD1676A57E9}.Debug|iPhone.Build.0 = Debug|Any CPU
		{9F2D7FB4-51BF-4447-82E3-2BD1676A57E9}.Debug|iPhone.Deploy.0 = Debug|Any CPU
		{9F2D7FB4-51BF-4447-82E3-2BD1676A57E9}.Debug|iPhoneSimulator.ActiveCfg = Debug|Any CPU
		{9F2D7FB4-51BF-4447-82E3-2BD1676A57E9}.Debug|iPhoneSimulator.Build.0 = Debug|Any CPU
		{9F2D7FB4-51BF-4447-82E3-2BD1676A57E9}.Debug|iPhoneSimulator.Deploy.0 = Debug|Any CPU
		{9F2D7FB4-51BF-4447-82E3-2BD1676A57E9}.Release|Any CPU.ActiveCfg = Release|Any CPU
		{9F2D7FB4-51BF-4447-82E3-2BD1676A57E9}.Release|Any CPU.Build.0 = Release|Any CPU
		{9F2D7FB4-51BF-4447-82E3-2BD1676A57E9}.Release|Any CPU.Deploy.0 = Release|Any CPU
		{9F2D7FB4-51BF-4447-82E3-2BD1676A57E9}.Release|iPhone.ActiveCfg = Release|Any CPU
		{9F2D7FB4-51BF-4447-82E3-2BD1676A57E9}.Release|iPhone.Build.0 = Release|Any CPU
		{9F2D7FB4-51BF-4447-82E3-2BD1676A57E9}.Release|iPhone.Deploy.0 = Release|Any CPU
		{9F2D7FB4-51BF-4447-82E3-2BD1676A57E9}.Release|iPhoneSimulator.ActiveCfg = Release|Any CPU
		{9F2D7FB4-51BF-4447-82E3-2BD1676A57E9}.Release|iPhoneSimulator.Build.0 = Release|Any CPU
		{9F2D7FB4-51BF-4447-82E3-2BD1676A57E9}.Release|iPhoneSimulator.Deploy.0 = Release|Any CPU
	EndGlobalSection
	GlobalSection(SolutionProperties) = preSolution
		HideSolutionNode = FALSE
	EndGlobalSection
	GlobalSection(ExtensibilityGlobals) = postSolution
		SolutionGuid = {DA105F14-F01B-437A-B5F5-60BD67924AE8}
	EndGlobalSection
EndGlobal
